// !$*UTF8*$!
{
	archiveVersion = 1;
	classes = {
	};
	objectVersion = 46;
	objects = {

/* Begin PBXBuildFile section */
		55991A3F1B472F0600B77C3D /* SagradaFamilia.jpeg in Resources */ = {isa = PBXBuildFile; fileRef = 55991A3E1B472F0600B77C3D /* SagradaFamilia.jpeg */; };
		559A765B1B45EB3A00E2BD6D /* AppDelegate.swift in Sources */ = {isa = PBXBuildFile; fileRef = 559A765A1B45EB3A00E2BD6D /* AppDelegate.swift */; };
		559A765D1B45EB3A00E2BD6D /* ViewController.swift in Sources */ = {isa = PBXBuildFile; fileRef = 559A765C1B45EB3A00E2BD6D /* ViewController.swift */; };
		559A76601B45EB3A00E2BD6D /* Main.storyboard in Resources */ = {isa = PBXBuildFile; fileRef = 559A765E1B45EB3A00E2BD6D /* Main.storyboard */; };
		559A76621B45EB3A00E2BD6D /* Images.xcassets in Resources */ = {isa = PBXBuildFile; fileRef = 559A76611B45EB3A00E2BD6D /* Images.xcassets */; };
		559A76651B45EB3A00E2BD6D /* LaunchScreen.xib in Resources */ = {isa = PBXBuildFile; fileRef = 559A76631B45EB3A00E2BD6D /* LaunchScreen.xib */; };
		559A76711B45EB3A00E2BD6D /* PostcardTests.swift in Sources */ = {isa = PBXBuildFile; fileRef = 559A76701B45EB3A00E2BD6D /* PostcardTests.swift */; };
/* End PBXBuildFile section */

/* Begin PBXContainerItemProxy section */
		559A766B1B45EB3A00E2BD6D /* PBXContainerItemProxy */ = {
			isa = PBXContainerItemProxy;
			containerPortal = 559A764D1B45EB3A00E2BD6D /* Project object */;
			proxyType = 1;
			remoteGlobalIDString = 559A76541B45EB3A00E2BD6D;
			remoteInfo = Postcard;
		};
/* End PBXContainerItemProxy section */

/* Begin PBXFileReference section */
		55991A3E1B472F0600B77C3D /* SagradaFamilia.jpeg */ = {isa = PBXFileReference; lastKnownFileType = image.jpeg; path = SagradaFamilia.jpeg; sourceTree = "<group>"; };
		559A76551B45EB3A00E2BD6D /* Postcard.app */ = {isa = PBXFileReference; explicitFileType = wrapper.application; includeInIndex = 0; path = Postcard.app; sourceTree = BUILT_PRODUCTS_DIR; };
		559A76591B45EB3A00E2BD6D /* Info.plist */ = {isa = PBXFileReference; lastKnownFileType = text.plist.xml; path = Info.plist; sourceTree = "<group>"; };
		559A765A1B45EB3A00E2BD6D /* AppDelegate.swift */ = {isa = PBXFileReference; lastKnownFileType = sourcecode.swift; path = AppDelegate.swift; sourceTree = "<group>"; };
		559A765C1B45EB3A00E2BD6D /* ViewController.swift */ = {isa = PBXFileReference; lastKnownFileType = sourcecode.swift; path = ViewController.swift; sourceTree = "<group>"; };
		559A765F1B45EB3A00E2BD6D /* Base */ = {isa = PBXFileReference; lastKnownFileType = file.storyboard; name = Base; path = Base.lproj/Main.storyboard; sourceTree = "<group>"; };
		559A76611B45EB3A00E2BD6D /* Images.xcassets */ = {isa = PBXFileReference; lastKnownFileType = folder.assetcatalog; path = Images.xcassets; sourceTree = "<group>"; };
		559A76641B45EB3A00E2BD6D /* Base */ = {isa = PBXFileReference; lastKnownFileType = file.xib; name = Base; path = Base.lproj/LaunchScreen.xib; sourceTree = "<group>"; };
		559A766A1B45EB3A00E2BD6D /* PostcardTests.xctest */ = {isa = PBXFileReference; explicitFileType = wrapper.cfbundle; includeInIndex = 0; path = PostcardTests.xctest; sourceTree = BUILT_PRODUCTS_DIR; };
		559A766F1B45EB3A00E2BD6D /* Info.plist */ = {isa = PBXFileReference; lastKnownFileType = text.plist.xml; path = Info.plist; sourceTree = "<group>"; };
		559A76701B45EB3A00E2BD6D /* PostcardTests.swift */ = {isa = PBXFileReference; lastKnownFileType = sourcecode.swift; path = PostcardTests.swift; sourceTree = "<group>"; };
/* End PBXFileReference section */

/* Begin PBXFrameworksBuildPhase section */
		559A76521B45EB3A00E2BD6D /* Frameworks */ = {
			isa = PBXFrameworksBuildPhase;
			buildActionMask = 2147483647;
			files = (
			);
			runOnlyForDeploymentPostprocessing = 0;
		};
		559A76671B45EB3A00E2BD6D /* Frameworks */ = {
			isa = PBXFrameworksBuildPhase;
			buildActionMask = 2147483647;
			files = (
			);
			runOnlyForDeploymentPostprocessing = 0;
		};
/* End PBXFrameworksBuildPhase section */

/* Begin PBXGroup section */
		559A764C1B45EB3A00E2BD6D = {
			isa = PBXGroup;
			children = (
				559A76571B45EB3A00E2BD6D /* Postcard */,
				559A766D1B45EB3A00E2BD6D /* PostcardTests */,
				559A76561B45EB3A00E2BD6D /* Products */,
			);
			sourceTree = "<group>";
		};
		559A76561B45EB3A00E2BD6D /* Products */ = {
			isa = PBXGroup;
			children = (
				559A76551B45EB3A00E2BD6D /* Postcard.app */,
				559A766A1B45EB3A00E2BD6D /* PostcardTests.xctest */,
			);
			name = Products;
			sourceTree = "<group>";
		};
		559A76571B45EB3A00E2BD6D /* Postcard */ = {
			isa = PBXGroup;
			children = (
				559A765A1B45EB3A00E2BD6D /* AppDelegate.swift */,
				559A765C1B45EB3A00E2BD6D /* ViewController.swift */,
				559A765E1B45EB3A00E2BD6D /* Main.storyboard */,
				559A76611B45EB3A00E2BD6D /* Images.xcassets */,
				559A76631B45EB3A00E2BD6D /* LaunchScreen.xib */,
				559A76581B45EB3A00E2BD6D /* Supporting Files */,
			);
			path = Postcard;
			sourceTree = "<group>";
		};
		559A76581B45EB3A00E2BD6D /* Supporting Files */ = {
			isa = PBXGroup;
			children = (
				55991A3E1B472F0600B77C3D /* SagradaFamilia.jpeg */,
				559A76591B45EB3A00E2BD6D /* Info.plist */,
			);
			name = "Supporting Files";
			sourceTree = "<group>";
		};
		559A766D1B45EB3A00E2BD6D /* PostcardTests */ = {
			isa = PBXGroup;
			children = (
				559A76701B45EB3A00E2BD6D /* PostcardTests.swift */,
				559A766E1B45EB3A00E2BD6D /* Supporting Files */,
			);
			path = PostcardTests;
			sourceTree = "<group>";
		};
		559A766E1B45EB3A00E2BD6D /* Supporting Files */ = {
			isa = PBXGroup;
			children = (
				559A766F1B45EB3A00E2BD6D /* Info.plist */,
			);
			name = "Supporting Files";
			sourceTree = "<group>";
		};
/* End PBXGroup section */

/* Begin PBXNativeTarget section */
		559A76541B45EB3A00E2BD6D /* Postcard */ = {
			isa = PBXNativeTarget;
			buildConfigurationList = 559A76741B45EB3A00E2BD6D /* Build configuration list for PBXNativeTarget "Postcard" */;
			buildPhases = (
				559A76511B45EB3A00E2BD6D /* Sources */,
				559A76521B45EB3A00E2BD6D /* Frameworks */,
				559A76531B45EB3A00E2BD6D /* Resources */,
			);
			buildRules = (
			);
			dependencies = (
			);
			name = Postcard;
			productName = Postcard;
			productReference = 559A76551B45EB3A00E2BD6D /* Postcard.app */;
			productType = "com.apple.product-type.application";
		};
		559A76691B45EB3A00E2BD6D /* PostcardTests */ = {
			isa = PBXNativeTarget;
			buildConfigurationList = 559A76771B45EB3A00E2BD6D /* Build configuration list for PBXNativeTarget "PostcardTests" */;
			buildPhases = (
				559A76661B45EB3A00E2BD6D /* Sources */,
				559A76671B45EB3A00E2BD6D /* Frameworks */,
				559A76681B45EB3A00E2BD6D /* Resources */,
			);
			buildRules = (
			);
			dependencies = (
				559A766C1B45EB3A00E2BD6D /* PBXTargetDependency */,
			);
			name = PostcardTests;
			productName = PostcardTests;
			productReference = 559A766A1B45EB3A00E2BD6D /* PostcardTests.xctest */;
			productType = "com.apple.product-type.bundle.unit-test";
		};
/* End PBXNativeTarget section */

/* Begin PBXProject section */
		559A764D1B45EB3A00E2BD6D /* Project object */ = {
			isa = PBXProject;
			attributes = {
				LastUpgradeCheck = 0620;
				ORGANIZATIONNAME = "Aleks Dikanski";
				TargetAttributes = {
					559A76541B45EB3A00E2BD6D = {
						CreatedOnToolsVersion = 6.2;
					};
					559A76691B45EB3A00E2BD6D = {
						CreatedOnToolsVersion = 6.2;
						TestTargetID = 559A76541B45EB3A00E2BD6D;
					};
				};
			};
			buildConfigurationList = 559A76501B45EB3A00E2BD6D /* Build configuration list for PBXProject "Postcard" */;
			compatibilityVersion = "Xcode 3.2";
			developmentRegion = English;
			hasScannedForEncodings = 0;
			knownRegions = (
				en,
				Base,
			);
			mainGroup = 559A764C1B45EB3A00E2BD6D;
			productRefGroup = 559A76561B45EB3A00E2BD6D /* Products */;
			projectDirPath = "";
			projectRoot = "";
			targets = (
				559A76541B45EB3A00E2BD6D /* Postcard */,
				559A76691B45EB3A00E2BD6D /* PostcardTests */,
			);
		};
/* End PBXProject section */

/* Begin PBXResourcesBuildPhase section */
		559A76531B45EB3A00E2BD6D /* Resources */ = {
			isa = PBXResourcesBuildPhase;
			buildActionMask = 2147483647;
			files = (
				559A76601B45EB3A00E2BD6D /* Main.storyboard in Resources */,
				55991A3F1B472F0600B77C3D /* SagradaFamilia.jpeg in Resources */,
				559A76651B45EB3A00E2BD6D /* LaunchScreen.xib in Resources */,
				559A76621B45EB3A00E2BD6D /* Images.xcassets in Resources */,
			);
			runOnlyForDeploymentPostprocessing = 0;
		};
		559A76681B45EB3A00E2BD6D /* Resources */ = {
			isa = PBXResourcesBuildPhase;
			buildActionMask = 2147483647;
			files = (
			);
			runOnlyForDeploymentPostprocessing = 0;
		};
/* End PBXResourcesBuildPhase section */

/* Begin PBXSourcesBuildPhase section */
		559A76511B45EB3A00E2BD6D /* Sources */ = {
			isa = PBXSourcesBuildPhase;
			buildActionMask = 2147483647;
			files = (
				559A765D1B45EB3A00E2BD6D /* ViewController.swift in Sources */,
				559A765B1B45EB3A00E2BD6D /* AppDelegate.swift in Sources */,
			);
			runOnlyForDeploymentPostprocessing = 0;
		};
		559A76661B45EB3A00E2BD6D /* Sources */ = {
			isa = PBXSourcesBuildPhase;
			buildActionMask = 2147483647;
			files = (
				559A76711B45EB3A00E2BD6D /* PostcardTests.swift in Sources */,
			);
			runOnlyForDeploymentPostprocessing = 0;
		};
/* End PBXSourcesBuildPhase section */

/* Begin PBXTargetDependency section */
		559A766C1B45EB3A00E2BD6D /* PBXTargetDependency */ = {
			isa = PBXTargetDependency;
			target = 559A76541B45EB3A00E2BD6D /* Postcard */;
			targetProxy = 559A766B1B45EB3A00E2BD6D /* PBXContainerItemProxy */;
		};
/* End PBXTargetDependency section */

/* Begin PBXVariantGroup section */
		559A765E1B45EB3A00E2BD6D /* Main.storyboard */ = {
			isa = PBXVariantGroup;
			children = (
				559A765F1B45EB3A00E2BD6D /* Base */,
			);
			name = Main.storyboard;
			sourceTree = "<group>";
		};
		559A76631B45EB3A00E2BD6D /* LaunchScreen.xib */ = {
			isa = PBXVariantGroup;
			children = (
				559A76641B45EB3A00E2BD6D /* Base */,
			);
			name = LaunchScreen.xib;
			sourceTree = "<group>";
		};
/* End PBXVariantGroup section */

/* Begin XCBuildConfiguration section */
		559A76721B45EB3A00E2BD6D /* Debug */ = {
			isa = XCBuildConfiguration;
			buildSettings = {
				ALWAYS_SEARCH_USER_PATHS = NO;
				CLANG_CXX_LANGUAGE_STANDARD = "gnu++0x";
				CLANG_CXX_LIBRARY = "libc++";
				CLANG_ENABLE_MODULES = YES;
				CLANG_ENABLE_OBJC_ARC = YES;
				CLANG_WARN_BOOL_CONVERSION = YES;
				CLANG_WARN_CONSTANT_CONVERSION = YES;
				CLANG_WARN_DIRECT_OBJC_ISA_USAGE = YES_ERROR;
				CLANG_WARN_EMPTY_BODY = YES;
				CLANG_WARN_ENUM_CONVERSION = YES;
				CLANG_WARN_INT_CONVERSION = YES;
				CLANG_WARN_OBJC_ROOT_CLASS = YES_ERROR;
				CLANG_WARN_UNREACHABLE_CODE = YES;
				CLANG_WARN__DUPLICATE_METHOD_MATCH = YES;
				"CODE_SIGN_IDENTITY[sdk=iphoneos*]" = "iPhone Developer";
				COPY_PHASE_STRIP = NO;
				ENABLE_STRICT_OBJC_MSGSEND = YES;
				GCC_C_LANGUAGE_STANDARD = gnu99;
				GCC_DYNAMIC_NO_PIC = NO;
				GCC_OPTIMIZATION_LEVEL = 0;
				GCC_PREPROCESSOR_DEFINITIONS = (
					"DEBUG=1",
					"$(inherited)",
				);
				GCC_SYMBOLS_PRIVATE_EXTERN = NO;
				GCC_WARN_64_TO_32_BIT_CONVERSION = YES;
				GCC_WARN_ABOUT_RETURN_TYPE = YES_ERROR;
				GCC_WARN_UNDECLARED_SELECTOR = YES;
				GCC_WARN_UNINITIALIZED_AUTOS = YES_AGGRESSIVE;
				GCC_WARN_UNUSED_FUNCTION = YES;
				GCC_WARN_UNUSED_VARIABLE = YES;
				IPHONEOS_DEPLOYMENT_TARGET = 8.2;
				MTL_ENABLE_DEBUG_INFO = YES;
				ONLY_ACTIVE_ARCH = YES;
				SDKROOT = iphoneos;
				SWIFT_OPTIMIZATION_LEVEL = "-Onone";
				TARGETED_DEVICE_FAMILY = "1,2";
			};
			name = Debug;
		};
		559A76731B45EB3A00E2BD6D /* Release */ = {
			isa = XCBuildConfiguration;
			buildSettings = {
				ALWAYS_SEARCH_USER_PATHS = NO;
				CLANG_CXX_LANGUAGE_STANDARD = "gnu++0x";
				CLANG_CXX_LIBRARY = "libc++";
				CLANG_ENABLE_MODULES = YES;
				CLANG_ENABLE_OBJC_ARC = YES;
				CLANG_WARN_BOOL_CONVERSION = YES;
				CLANG_WARN_CONSTANT_CONVERSION = YES;
				CLANG_WARN_DIRECT_OBJC_ISA_USAGE = YES_ERROR;
				CLANG_WARN_EMPTY_BODY = YES;
				CLANG_WARN_ENUM_CONVERSION = YES;
				CLANG_WARN_INT_CONVERSION = YES;
				CLANG_WARN_OBJC_ROOT_CLASS = YES_ERROR;
				CLANG_WARN_UNREACHABLE_CODE = YES;
				CLANG_WARN__DUPLICATE_METHOD_MATCH = YES;
				"CODE_SIGN_IDENTITY[sdk=iphoneos*]" = "iPhone Developer";
				COPY_PHASE_STRIP = NO;
				ENABLE_NS_ASSERTIONS = NO;
				ENABLE_STRICT_OBJC_MSGSEND = YES;
				GCC_C_LANGUAGE_STANDARD = gnu99;
				GCC_WARN_64_TO_32_BIT_CONVERSION = YES;
				GCC_WARN_ABOUT_RETURN_TYPE = YES_ERROR;
				GCC_WARN_UNDECLARED_SELECTOR = YES;
				GCC_WARN_UNINITIALIZED_AUTOS = YES_AGGRESSIVE;
				GCC_WARN_UNUSED_FUNCTION = YES;
				GCC_WARN_UNUSED_VARIABLE = YES;
				IPHONEOS_DEPLOYMENT_TARGET = 8.2;
				MTL_ENABLE_DEBUG_INFO = NO;
				SDKROOT = iphoneos;
				TARGETED_DEVICE_FAMILY = "1,2";
				VALIDATE_PRODUCT = YES;
			};
			name = Release;
		};
		559A76751B45EB3A00E2BD6D /* Debug */ = {
			isa = XCBuildConfiguration;
			buildSettings = {
				ASSETCATALOG_COMPILER_APPICON_NAME = AppIcon;
				INFOPLIST_FILE = Postcard/Info.plist;
				LD_RUNPATH_SEARCH_PATHS = "$(inherited) @executable_path/Frameworks";
				PRODUCT_NAME = "$(TARGET_NAME)";
			};
			name = Debug;
		};
		559A76761B45EB3A00E2BD6D /* Release */ = {
			isa = XCBuildConfiguration;
			buildSettings = {
				ASSETCATALOG_COMPILER_APPICON_NAME = AppIcon;
				INFOPLIST_FILE = Postcard/Info.plist;
				LD_RUNPATH_SEARCH_PATHS = "$(inherited) @executable_path/Frameworks";
				PRODUCT_NAME = "$(TARGET_NAME)";
			};
			name = Release;
		};
		559A76781B45EB3A00E2BD6D /* Debug */ = {
			isa = XCBuildConfiguration;
			buildSettings = {
				BUNDLE_LOADER = "$(TEST_HOST)";
				FRAMEWORK_SEARCH_PATHS = (
					"$(SDKROOT)/Developer/Library/Frameworks",
					"$(inherited)",
				);
				GCC_PREPROCESSOR_DEFINITIONS = (
					"DEBUG=1",
					"$(inherited)",
				);
				INFOPLIST_FILE = PostcardTests/Info.plist;
				LD_RUNPATH_SEARCH_PATHS = "$(inherited) @executable_path/Frameworks @loader_path/Frameworks";
				PRODUCT_NAME = "$(TARGET_NAME)";
				TEST_HOST = "$(BUILT_PRODUCTS_DIR)/Postcard.app/Postcard";
			};
			name = Debug;
		};
		559A76791B45EB3A00E2BD6D /* Release */ = {
			isa = XCBuildConfiguration;
			buildSettings = {
				BUNDLE_LOADER = "$(TEST_HOST)";
				FRAMEWORK_SEARCH_PATHS = (
					"$(SDKROOT)/Developer/Library/Frameworks",
					"$(inherited)",
				);
				INFOPLIST_FILE = PostcardTests/Info.plist;
				LD_RUNPATH_SEARCH_PATHS = "$(inherited) @executable_path/Frameworks @loader_path/Frameworks";
				PRODUCT_NAME = "$(TARGET_NAME)";
				TEST_HOST = "$(BUILT_PRODUCTS_DIR)/Postcard.app/Postcard";
			};
			name = Release;
		};
/* End XCBuildConfiguration section */

/* Begin XCConfigurationList section */
		559A76501B45EB3A00E2BD6D /* Build configuration list for PBXProject "Postcard" */ = {
			isa = XCConfigurationList;
			buildConfigurations = (
				559A76721B45EB3A00E2BD6D /* Debug */,
				559A76731B45EB3A00E2BD6D /* Release */,
			);
			defaultConfigurationIsVisible = 0;
			defaultConfigurationName = Release;
		};
		559A76741B45EB3A00E2BD6D /* Build configuration list for PBXNativeTarget "Postcard" */ = {
			isa = XCConfigurationList;
			buildConfigurations = (
				559A76751B45EB3A00E2BD6D /* Debug */,
				559A76761B45EB3A00E2BD6D /* Release */,
			);
			defaultConfigurationIsVisible = 0;
			defaultConfigurationName = Release;
		};
		559A76771B45EB3A00E2BD6D /* Build configuration list for PBXNativeTarget "PostcardTests" */ = {
			isa = XCConfigurationList;
			buildConfigurations = (
				559A76781B45EB3A00E2BD6D /* Debug */,
				559A76791B45EB3A00E2BD6D /* Release */,
			);
			defaultConfigurationIsVisible = 0;
			defaultConfigurationName = Release;
		};
/* End XCConfigurationList section */
	};
	rootObject = 559A764D1B45EB3A00E2BD6D /* Project object */;
}
